
Microsoft Visual Studio Solution File, Format Version 12.00
# Visual Studio Version 16
VisualStudioVersion = 16.0.29609.76
MinimumVisualStudioVersion = 10.0.40219.1
Project("{2150E333-8FDC-42A3-9474-1A3956D46DE8}") = "Microservices", "Microservices", "{1ED5101D-61B6-4815-965E-417F05EBA465}"
EndProject
Project("{2150E333-8FDC-42A3-9474-1A3956D46DE8}") = "Domain", "Domain", "{1E41BB38-332A-4A99-98BD-1CD89DE791F2}"
EndProject
Project("{2150E333-8FDC-42A3-9474-1A3956D46DE8}") = "Infra.Bus", "Infra.Bus", "{1F699EB4-CCC8-4891-A8FE-4968B7B596A4}"
EndProject
Project("{2150E333-8FDC-42A3-9474-1A3956D46DE8}") = "Infra.IoC", "Infra.IoC", "{431DC4A0-8F10-46EF-AB15-E20E91B704FD}"
EndProject
Project("{2150E333-8FDC-42A3-9474-1A3956D46DE8}") = "Presentation", "Presentation", "{AAF208F5-83B0-4F33-9A5E-C7C17491D3E4}"
EndProject
Project("{2150E333-8FDC-42A3-9474-1A3956D46DE8}") = "Checkout", "Checkout", "{EDB9F61C-C347-4419-AE9D-D10A5792855C}"
EndProject
Project("{2150E333-8FDC-42A3-9474-1A3956D46DE8}") = "Api", "Api", "{B1B3CEE9-163C-474C-8F80-E6C2AA72D024}"
EndProject
Project("{2150E333-8FDC-42A3-9474-1A3956D46DE8}") = "Application", "Application", "{EC20D61E-0831-4CB2-B858-196F7F7E36F8}"
EndProject
Project("{2150E333-8FDC-42A3-9474-1A3956D46DE8}") = "Data", "Data", "{C1C46486-1921-4A3A-8AD6-A3B60C749613}"
EndProject
Project("{2150E333-8FDC-42A3-9474-1A3956D46DE8}") = "Domain", "Domain", "{14526896-854F-4404-AA4B-097AD2AC31BF}"
EndProject
Project("{2150E333-8FDC-42A3-9474-1A3956D46DE8}") = "Ordering", "Ordering", "{B3BFAB68-9D94-4150-9DC0-F5ABAA0596D8}"
EndProject
Project("{2150E333-8FDC-42A3-9474-1A3956D46DE8}") = "Api", "Api", "{0C6530CD-CEB7-4CDC-A1DB-A05E16AFD9A5}"
EndProject
Project("{2150E333-8FDC-42A3-9474-1A3956D46DE8}") = "Application", "Application", "{A53A7FA8-E975-4A00-A277-34BA5B8B838E}"
EndProject
Project("{2150E333-8FDC-42A3-9474-1A3956D46DE8}") = "Data", "Data", "{C841685C-79BC-4995-8F9A-0B81CCF887C7}"
EndProject
Project("{2150E333-8FDC-42A3-9474-1A3956D46DE8}") = "Domain", "Domain", "{6FF94D3A-9382-4365-866A-75174B9C415B}"
EndProject
Project("{9A19103F-16F7-4668-BE54-9A1E7A4F7556}") = "DuwaysRabbitBus.Domain.Core", "Domain\DuwaysRabbitBus.Domain.Core\DuwaysRabbitBus.Domain.Core.csproj", "{FD6FA08A-7F50-4A10-8822-5480249169FC}"
EndProject
Project("{9A19103F-16F7-4668-BE54-9A1E7A4F7556}") = "DuwaysRabbitBus.Infra.Bus", "Infra\DuwaysRabbitBus.Infra.Bus\DuwaysRabbitBus.Infra.Bus.csproj", "{F44F7332-47AF-4180-95BD-51E7CAF4CC15}"
EndProject
Project("{9A19103F-16F7-4668-BE54-9A1E7A4F7556}") = "DuwaysRabbitBus.Infra.IoC", "Infra\DuwaysRabbitBus.Infra.IoC\DuwaysRabbitBus.Infra.IoC.csproj", "{45C0138A-9386-43ED-83DC-543EDE745F33}"
EndProject
Project("{9A19103F-16F7-4668-BE54-9A1E7A4F7556}") = "DuwaysRabbit.MVC", "Presentation\DuwaysRabbit.MVC\DuwaysRabbit.MVC.csproj", "{D627783E-92EC-4B16-B1C1-D0192C3124F1}"
EndProject
Project("{9A19103F-16F7-4668-BE54-9A1E7A4F7556}") = "DuwaysRabbitBus.Checkout.Api", "Checkout\DuwaysRabbitBus.Checkout.Api\DuwaysRabbitBus.Checkout.Api.csproj", "{B7149403-691C-4798-8DEA-F0B7E1F967C8}"
EndProject
Project("{9A19103F-16F7-4668-BE54-9A1E7A4F7556}") = "DuwaysRabbitBus.Checkout.Application", "Checkout\DuwaysRabbitBus.Checkout.Application\DuwaysRabbitBus.Checkout.Application.csproj", "{B294BCEA-912D-4A9E-8110-9CB81EED6950}"
EndProject
Project("{9A19103F-16F7-4668-BE54-9A1E7A4F7556}") = "DuwaysRabbitBus.Checkout.Data", "Checkout\DuwaysRabbitBus.Checkout.Data\DuwaysRabbitBus.Checkout.Data.csproj", "{3F8BC015-EA30-44BB-8CEA-818184346714}"
EndProject
Project("{9A19103F-16F7-4668-BE54-9A1E7A4F7556}") = "DuwaysRabbitBus.Checkout.Domain", "Checkout\DuwaysRabbitBus.Checkout.Domain\DuwaysRabbitBus.Checkout.Domain.csproj", "{A267EF23-2212-447E-9C68-A1E103872072}"
EndProject
Project("{9A19103F-16F7-4668-BE54-9A1E7A4F7556}") = "DuwaysRabbitBus.Ordering.Api", "Ordering\DuwaysRabbitBus.Ordering.Api\DuwaysRabbitBus.Ordering.Api.csproj", "{D63FDDFF-C2F0-4AB4-BDA7-AB9723AD57F8}"
EndProject
Project("{9A19103F-16F7-4668-BE54-9A1E7A4F7556}") = "DuwaysRabbitBus.Ordering.Application", "Ordering\DuwaysRabbitBus.Ordering.Application\DuwaysRabbitBus.Ordering.Application.csproj", "{9DB900BF-CEFD-4AC4-B23D-723A0DC1E43B}"
EndProject
Project("{9A19103F-16F7-4668-BE54-9A1E7A4F7556}") = "DuwaysRabbitBus.Ordering.Data", "Ordering\DuwaysRabbitBus.Ordering.Data\DuwaysRabbitBus.Ordering.Data.csproj", "{AE7A3161-76B0-4309-B617-825696194CFE}"
EndProject
Project("{9A19103F-16F7-4668-BE54-9A1E7A4F7556}") = "DuwaysRabbitBus.Ordering.Domain", "Ordering\DuwaysRabbitBus.Ordering.Domain\DuwaysRabbitBus.Ordering.Domain.csproj", "{0F9D2B02-73A0-423B-B953-BA018758C70C}"
EndProject
Global
	GlobalSection(SolutionConfigurationPlatforms) = preSolution
		Debug|Any CPU = Debug|Any CPU
		Release|Any CPU = Release|Any CPU
	EndGlobalSection
	GlobalSection(ProjectConfigurationPlatforms) = postSolution
		{FD6FA08A-7F50-4A10-8822-5480249169FC}.Debug|Any CPU.ActiveCfg = Debug|Any CPU
		{FD6FA08A-7F50-4A10-8822-5480249169FC}.Debug|Any CPU.Build.0 = Debug|Any CPU
		{FD6FA08A-7F50-4A10-8822-5480249169FC}.Release|Any CPU.ActiveCfg = Release|Any CPU
		{FD6FA08A-7F50-4A10-8822-5480249169FC}.Release|Any CPU.Build.0 = Release|Any CPU
		{F44F7332-47AF-4180-95BD-51E7CAF4CC15}.Debug|Any CPU.ActiveCfg = Debug|Any CPU
		{F44F7332-47AF-4180-95BD-51E7CAF4CC15}.Debug|Any CPU.Build.0 = Debug|Any CPU
		{F44F7332-47AF-4180-95BD-51E7CAF4CC15}.Release|Any CPU.ActiveCfg = Release|Any CPU
		{F44F7332-47AF-4180-95BD-51E7CAF4CC15}.Release|Any CPU.Build.0 = Release|Any CPU
		{45C0138A-9386-43ED-83DC-543EDE745F33}.Debug|Any CPU.ActiveCfg = Debug|Any CPU
		{45C0138A-9386-43ED-83DC-543EDE745F33}.Debug|Any CPU.Build.0 = Debug|Any CPU
		{45C0138A-9386-43ED-83DC-543EDE745F33}.Release|Any CPU.ActiveCfg = Release|Any CPU
		{45C0138A-9386-43ED-83DC-543EDE745F33}.Release|Any CPU.Build.0 = Release|Any CPU
		{D627783E-92EC-4B16-B1C1-D0192C3124F1}.Debug|Any CPU.ActiveCfg = Debug|Any CPU
		{D627783E-92EC-4B16-B1C1-D0192C3124F1}.Debug|Any CPU.Build.0 = Debug|Any CPU
		{D627783E-92EC-4B16-B1C1-D0192C3124F1}.Release|Any CPU.ActiveCfg = Release|Any CPU
		{D627783E-92EC-4B16-B1C1-D0192C3124F1}.Release|Any CPU.Build.0 = Release|Any CPU
		{B7149403-691C-4798-8DEA-F0B7E1F967C8}.Debug|Any CPU.ActiveCfg = Debug|Any CPU
		{B7149403-691C-4798-8DEA-F0B7E1F967C8}.Debug|Any CPU.Build.0 = Debug|Any CPU
		{B7149403-691C-4798-8DEA-F0B7E1F967C8}.Release|Any CPU.ActiveCfg = Release|Any CPU
		{B7149403-691C-4798-8DEA-F0B7E1F967C8}.Release|Any CPU.Build.0 = Release|Any CPU
		{B294BCEA-912D-4A9E-8110-9CB81EED6950}.Debug|Any CPU.ActiveCfg = Debug|Any CPU
		{B294BCEA-912D-4A9E-8110-9CB81EED6950}.Debug|Any CPU.Build.0 = Debug|Any CPU
		{B294BCEA-912D-4A9E-8110-9CB81EED6950}.Release|Any CPU.ActiveCfg = Release|Any CPU
		{B294BCEA-912D-4A9E-8110-9CB81EED6950}.Release|Any CPU.Build.0 = Release|Any CPU
		{3F8BC015-EA30-44BB-8CEA-818184346714}.Debug|Any CPU.ActiveCfg = Debug|Any CPU
		{3F8BC015-EA30-44BB-8CEA-818184346714}.Debug|Any CPU.Build.0 = Debug|Any CPU
		{3F8BC015-EA30-44BB-8CEA-818184346714}.Release|Any CPU.ActiveCfg = Release|Any CPU
		{3F8BC015-EA30-44BB-8CEA-818184346714}.Release|Any CPU.Build.0 = Release|Any CPU
		{A267EF23-2212-447E-9C68-A1E103872072}.Debug|Any CPU.ActiveCfg = Debug|Any CPU
		{A267EF23-2212-447E-9C68-A1E103872072}.Debug|Any CPU.Build.0 = Debug|Any CPU
		{A267EF23-2212-447E-9C68-A1E103872072}.Release|Any CPU.ActiveCfg = Release|Any CPU
		{A267EF23-2212-447E-9C68-A1E103872072}.Release|Any CPU.Build.0 = Release|Any CPU
		{D63FDDFF-C2F0-4AB4-BDA7-AB9723AD57F8}.Debug|Any CPU.ActiveCfg = Debug|Any CPU
		{D63FDDFF-C2F0-4AB4-BDA7-AB9723AD57F8}.Debug|Any CPU.Build.0 = Debug|Any CPU
		{D63FDDFF-C2F0-4AB4-BDA7-AB9723AD57F8}.Release|Any CPU.ActiveCfg = Release|Any CPU
		{D63FDDFF-C2F0-4AB4-BDA7-AB9723AD57F8}.Release|Any CPU.Build.0 = Release|Any CPU
		{9DB900BF-CEFD-4AC4-B23D-723A0DC1E43B}.Debug|Any CPU.ActiveCfg = Debug|Any CPU
		{9DB900BF-CEFD-4AC4-B23D-723A0DC1E43B}.Debug|Any CPU.Build.0 = Debug|Any CPU
		{9DB900BF-CEFD-4AC4-B23D-723A0DC1E43B}.Release|Any CPU.ActiveCfg = Release|Any CPU
		{9DB900BF-CEFD-4AC4-B23D-723A0DC1E43B}.Release|Any CPU.Build.0 = Release|Any CPU
		{AE7A3161-76B0-4309-B617-825696194CFE}.Debug|Any CPU.ActiveCfg = Debug|Any CPU
		{AE7A3161-76B0-4309-B617-825696194CFE}.Debug|Any CPU.Build.0 = Debug|Any CPU
		{AE7A3161-76B0-4309-B617-825696194CFE}.Release|Any CPU.ActiveCfg = Release|Any CPU
		{AE7A3161-76B0-4309-B617-825696194CFE}.Release|Any CPU.Build.0 = Release|Any CPU
		{0F9D2B02-73A0-423B-B953-BA018758C70C}.Debug|Any CPU.ActiveCfg = Debug|Any CPU
		{0F9D2B02-73A0-423B-B953-BA018758C70C}.Debug|Any CPU.Build.0 = Debug|Any CPU
		{0F9D2B02-73A0-423B-B953-BA018758C70C}.Release|Any CPU.ActiveCfg = Release|Any CPU
		{0F9D2B02-73A0-423B-B953-BA018758C70C}.Release|Any CPU.Build.0 = Release|Any CPU
	EndGlobalSection
	GlobalSection(SolutionProperties) = preSolution
		HideSolutionNode = FALSE
	EndGlobalSection
	GlobalSection(NestedProjects) = preSolution
		{EDB9F61C-C347-4419-AE9D-D10A5792855C} = {1ED5101D-61B6-4815-965E-417F05EBA465}
		{B1B3CEE9-163C-474C-8F80-E6C2AA72D024} = {EDB9F61C-C347-4419-AE9D-D10A5792855C}
		{EC20D61E-0831-4CB2-B858-196F7F7E36F8} = {EDB9F61C-C347-4419-AE9D-D10A5792855C}
		{C1C46486-1921-4A3A-8AD6-A3B60C749613} = {EDB9F61C-C347-4419-AE9D-D10A5792855C}
		{14526896-854F-4404-AA4B-097AD2AC31BF} = {EDB9F61C-C347-4419-AE9D-D10A5792855C}
		{B3BFAB68-9D94-4150-9DC0-F5ABAA0596D8} = {1ED5101D-61B6-4815-965E-417F05EBA465}
		{0C6530CD-CEB7-4CDC-A1DB-A05E16AFD9A5} = {B3BFAB68-9D94-4150-9DC0-F5ABAA0596D8}
		{A53A7FA8-E975-4A00-A277-34BA5B8B838E} = {B3BFAB68-9D94-4150-9DC0-F5ABAA0596D8}
		{C841685C-79BC-4995-8F9A-0B81CCF887C7} = {B3BFAB68-9D94-4150-9DC0-F5ABAA0596D8}
		{6FF94D3A-9382-4365-866A-75174B9C415B} = {B3BFAB68-9D94-4150-9DC0-F5ABAA0596D8}
		{FD6FA08A-7F50-4A10-8822-5480249169FC} = {1E41BB38-332A-4A99-98BD-1CD89DE791F2}
		{F44F7332-47AF-4180-95BD-51E7CAF4CC15} = {1F699EB4-CCC8-4891-A8FE-4968B7B596A4}
		{45C0138A-9386-43ED-83DC-543EDE745F33} = {431DC4A0-8F10-46EF-AB15-E20E91B704FD}
		{D627783E-92EC-4B16-B1C1-D0192C3124F1} = {AAF208F5-83B0-4F33-9A5E-C7C17491D3E4}
		{B7149403-691C-4798-8DEA-F0B7E1F967C8} = {B1B3CEE9-163C-474C-8F80-E6C2AA72D024}
		{B294BCEA-912D-4A9E-8110-9CB81EED6950} = {EC20D61E-0831-4CB2-B858-196F7F7E36F8}
		{3F8BC015-EA30-44BB-8CEA-818184346714} = {C1C46486-1921-4A3A-8AD6-A3B60C749613}
		{A267EF23-2212-447E-9C68-A1E103872072} = {14526896-854F-4404-AA4B-097AD2AC31BF}
		{D63FDDFF-C2F0-4AB4-BDA7-AB9723AD57F8} = {0C6530CD-CEB7-4CDC-A1DB-A05E16AFD9A5}
		{9DB900BF-CEFD-4AC4-B23D-723A0DC1E43B} = {A53A7FA8-E975-4A00-A277-34BA5B8B838E}
		{AE7A3161-76B0-4309-B617-825696194CFE} = {C841685C-79BC-4995-8F9A-0B81CCF887C7}
		{0F9D2B02-73A0-423B-B953-BA018758C70C} = {6FF94D3A-9382-4365-866A-75174B9C415B}
	EndGlobalSection
	GlobalSection(ExtensibilityGlobals) = postSolution
		SolutionGuid = {49065226-437C-4A95-8626-776B35CF0183}
	EndGlobalSection
EndGlobal
